
Microsoft Visual Studio Solution File, Format Version 12.00
# Visual Studio 15
VisualStudioVersion = 15.0.28307.489
MinimumVisualStudioVersion = 10.0.40219.1
Project("{FAE04EC0-301F-11D3-BF4B-00C04F79EFBC}") = "LargeFileSync", "LargeFileSync\LargeFileSync.csproj", "{1B0CA7A9-A982-4C64-8A75-4C78E5D9C2F8}"
EndProject
Global
	GlobalSection(SolutionConfigurationPlatforms) = preSolution
		Debug|Any CPU = Debug|Any CPU
		Release|Any CPU = Release|Any CPU
	EndGlobalSection
	GlobalSection(ProjectConfigurationPlatforms) = postSolution
		{1B0CA7A9-A982-4C64-8A75-4C78E5D9C2F8}.Debug|Any CPU.ActiveCfg = Debug|Any CPU
		{1B0CA7A9-A982-4C64-8A75-4C78E5D9C2F8}.Debug|Any CPU.Build.0 = Debug|Any CPU
		{1B0CA7A9-A982-4C64-8A75-4C78E5D9C2F8}.Release|Any CPU.ActiveCfg = Release|Any CPU
		{1B0CA7A9-A982-4C64-8A75-4C78E5D9C2F8}.Release|Any CPU.Build.0 = Release|Any CPU
	EndGlobalSection
	GlobalSection(SolutionProperties) = preSolution
		HideSolutionNode = FALSE
	EndGlobalSection
	GlobalSection(ExtensibilityGlobals) = postSolution
		SolutionGuid = {14EB02A7-63E3-4210-B2BD-B0ED634E05C0}
	EndGlobalSection
EndGlobal
